
Microsoft Visual Studio Solution File, Format Version 12.00
# Visual Studio Version 16
VisualStudioVersion = 16.0.30711.63
MinimumVisualStudioVersion = 10.0.40219.1
Project("{9A19103F-16F7-4668-BE54-9A1E7A4F7556}") = "WebSite", "WebSite\WebSite.csproj", "{33E2C5E9-3A4F-49E2-A7FB-2598D2DFD64A}"
EndProject
Global
	GlobalSection(SolutionConfigurationPlatforms) = preSolution
		Debug|Any CPU = Debug|Any CPU
		Release|Any CPU = Release|Any CPU
	EndGlobalSection
	GlobalSection(ProjectConfigurationPlatforms) = postSolution
		{33E2C5E9-3A4F-49E2-A7FB-2598D2DFD64A}.Debug|Any CPU.ActiveCfg = Debug|Any CPU
		{33E2C5E9-3A4F-49E2-A7FB-2598D2DFD64A}.Debug|Any CPU.Build.0 = Debug|Any CPU
		{33E2C5E9-3A4F-49E2-A7FB-2598D2DFD64A}.Release|Any CPU.ActiveCfg = Release|Any CPU
		{33E2C5E9-3A4F-49E2-A7FB-2598D2DFD64A}.Release|Any CPU.Build.0 = Release|Any CPU
	EndGlobalSection
	GlobalSection(SolutionProperties) = preSolution
		HideSolutionNode = FALSE
	EndGlobalSection
	GlobalSection(ExtensibilityGlobals) = postSolution
		SolutionGuid = {C30C5347-4464-4236-BE59-2C47A0C93D55}
	EndGlobalSection
EndGlobal
